// !$*UTF8*$!
{
	archiveVersion = 1;
	classes = {
	};
	objectVersion = 56;
	objects = {

/* Begin PBXBuildFile section */
		1A5ED8152BECDCAE0047FF37 /* TattooAppApp.swift in Sources */ = {isa = PBXBuildFile; fileRef = 1A5ED8142BECDCAE0047FF37 /* TattooAppApp.swift */; };
		1A5ED8172BECDCAE0047FF37 /* ContentView.swift in Sources */ = {isa = PBXBuildFile; fileRef = 1A5ED8162BECDCAE0047FF37 /* ContentView.swift */; };
		1A5ED8192BECDCAE0047FF37 /* Item.swift in Sources */ = {isa = PBXBuildFile; fileRef = 1A5ED8182BECDCAE0047FF37 /* Item.swift */; };
		1A5ED81B2BECDCB10047FF37 /* Assets.xcassets in Resources */ = {isa = PBXBuildFile; fileRef = 1A5ED81A2BECDCB10047FF37 /* Assets.xcassets */; };
		1A5ED81F2BECDCB10047FF37 /* Preview Assets.xcassets in Resources */ = {isa = PBXBuildFile; fileRef = 1A5ED81E2BECDCB10047FF37 /* Preview Assets.xcassets */; };
		1A5ED8292BECDCB10047FF37 /* TattooAppTests.swift in Sources */ = {isa = PBXBuildFile; fileRef = 1A5ED8282BECDCB10047FF37 /* TattooAppTests.swift */; };
		1A5ED8332BECDCB10047FF37 /* TattooAppUITests.swift in Sources */ = {isa = PBXBuildFile; fileRef = 1A5ED8322BECDCB10047FF37 /* TattooAppUITests.swift */; };
		1A5ED8352BECDCB10047FF37 /* TattooAppUITestsLaunchTests.swift in Sources */ = {isa = PBXBuildFile; fileRef = 1A5ED8342BECDCB10047FF37 /* TattooAppUITestsLaunchTests.swift */; };
		1A5ED8422BECDCFF0047FF37 /* ArtistListView.swift in Sources */ = {isa = PBXBuildFile; fileRef = 1A5ED8412BECDCFF0047FF37 /* ArtistListView.swift */; };
		1A5ED8442BECDD120047FF37 /* FilterSheet.swift in Sources */ = {isa = PBXBuildFile; fileRef = 1A5ED8432BECDD120047FF37 /* FilterSheet.swift */; };
		1A5ED8462BECDD220047FF37 /* ArtistDetailsView.swift in Sources */ = {isa = PBXBuildFile; fileRef = 1A5ED8452BECDD220047FF37 /* ArtistDetailsView.swift */; };
/* End PBXBuildFile section */

/* Begin PBXContainerItemProxy section */
		1A5ED8252BECDCB10047FF37 /* PBXContainerItemProxy */ = {
			isa = PBXContainerItemProxy;
			containerPortal = 1A5ED8092BECDCAE0047FF37 /* Project object */;
			proxyType = 1;
			remoteGlobalIDString = 1A5ED8102BECDCAE0047FF37;
			remoteInfo = TattooApp;
		};
		1A5ED82F2BECDCB10047FF37 /* PBXContainerItemProxy */ = {
			isa = PBXContainerItemProxy;
			containerPortal = 1A5ED8092BECDCAE0047FF37 /* Project object */;
			proxyType = 1;
			remoteGlobalIDString = 1A5ED8102BECDCAE0047FF37;
			remoteInfo = TattooApp;
		};
/* End PBXContainerItemProxy section */

/* Begin PBXFileReference section */
		1A5ED8112BECDCAE0047FF37 /* TattooApp.app */ = {isa = PBXFileReference; explicitFileType = wrapper.application; includeInIndex = 0; path = TattooApp.app; sourceTree = BUILT_PRODUCTS_DIR; };
		1A5ED8142BECDCAE0047FF37 /* TattooAppApp.swift */ = {isa = PBXFileReference; lastKnownFileType = sourcecode.swift; path = TattooAppApp.swift; sourceTree = "<group>"; };
		1A5ED8162BECDCAE0047FF37 /* ContentView.swift */ = {isa = PBXFileReference; lastKnownFileType = sourcecode.swift; path = ContentView.swift; sourceTree = "<group>"; };
		1A5ED8182BECDCAE0047FF37 /* Item.swift */ = {isa = PBXFileReference; lastKnownFileType = sourcecode.swift; path = Item.swift; sourceTree = "<group>"; };
		1A5ED81A2BECDCB10047FF37 /* Assets.xcassets */ = {isa = PBXFileReference; lastKnownFileType = folder.assetcatalog; path = Assets.xcassets; sourceTree = "<group>"; };
		1A5ED81C2BECDCB10047FF37 /* TattooApp.entitlements */ = {isa = PBXFileReference; lastKnownFileType = text.plist.entitlements; path = TattooApp.entitlements; sourceTree = "<group>"; };
		1A5ED81E2BECDCB10047FF37 /* Preview Assets.xcassets */ = {isa = PBXFileReference; lastKnownFileType = folder.assetcatalog; path = "Preview Assets.xcassets"; sourceTree = "<group>"; };
		1A5ED8242BECDCB10047FF37 /* TattooAppTests.xctest */ = {isa = PBXFileReference; explicitFileType = wrapper.cfbundle; includeInIndex = 0; path = TattooAppTests.xctest; sourceTree = BUILT_PRODUCTS_DIR; };
		1A5ED8282BECDCB10047FF37 /* TattooAppTests.swift */ = {isa = PBXFileReference; lastKnownFileType = sourcecode.swift; path = TattooAppTests.swift; sourceTree = "<group>"; };
		1A5ED82E2BECDCB10047FF37 /* TattooAppUITests.xctest */ = {isa = PBXFileReference; explicitFileType = wrapper.cfbundle; includeInIndex = 0; path = TattooAppUITests.xctest; sourceTree = BUILT_PRODUCTS_DIR; };
		1A5ED8322BECDCB10047FF37 /* TattooAppUITests.swift */ = {isa = PBXFileReference; lastKnownFileType = sourcecode.swift; path = TattooAppUITests.swift; sourceTree = "<group>"; };
		1A5ED8342BECDCB10047FF37 /* TattooAppUITestsLaunchTests.swift */ = {isa = PBXFileReference; lastKnownFileType = sourcecode.swift; path = TattooAppUITestsLaunchTests.swift; sourceTree = "<group>"; };
		1A5ED8412BECDCFF0047FF37 /* ArtistListView.swift */ = {isa = PBXFileReference; lastKnownFileType = sourcecode.swift; path = ArtistListView.swift; sourceTree = "<group>"; };
		1A5ED8432BECDD120047FF37 /* FilterSheet.swift */ = {isa = PBXFileReference; lastKnownFileType = sourcecode.swift; path = FilterSheet.swift; sourceTree = "<group>"; };
		1A5ED8452BECDD220047FF37 /* ArtistDetailsView.swift */ = {isa = PBXFileReference; lastKnownFileType = sourcecode.swift; path = ArtistDetailsView.swift; sourceTree = "<group>"; };
/* End PBXFileReference section */

/* Begin PBXFrameworksBuildPhase section */
		1A5ED80E2BECDCAE0047FF37 /* Frameworks */ = {
			isa = PBXFrameworksBuildPhase;
			buildActionMask = 2147483647;
			files = (
			);
			runOnlyForDeploymentPostprocessing = 0;
		};
		1A5ED8212BECDCB10047FF37 /* Frameworks */ = {
			isa = PBXFrameworksBuildPhase;
			buildActionMask = 2147483647;
			files = (
			);
			runOnlyForDeploymentPostprocessing = 0;
		};
		1A5ED82B2BECDCB10047FF37 /* Frameworks */ = {
			isa = PBXFrameworksBuildPhase;
			buildActionMask = 2147483647;
			files = (
			);
			runOnlyForDeploymentPostprocessing = 0;
		};
/* End PBXFrameworksBuildPhase section */

/* Begin PBXGroup section */
		1A5ED8082BECDCAE0047FF37 = {
			isa = PBXGroup;
			children = (
				1A5ED8132BECDCAE0047FF37 /* TattooApp */,
				1A5ED8272BECDCB10047FF37 /* TattooAppTests */,
				1A5ED8312BECDCB10047FF37 /* TattooAppUITests */,
				1A5ED8122BECDCAE0047FF37 /* Products */,
			);
			sourceTree = "<group>";
		};
		1A5ED8122BECDCAE0047FF37 /* Products */ = {
			isa = PBXGroup;
			children = (
				1A5ED8112BECDCAE0047FF37 /* TattooApp.app */,
				1A5ED8242BECDCB10047FF37 /* TattooAppTests.xctest */,
				1A5ED82E2BECDCB10047FF37 /* TattooAppUITests.xctest */,
			);
			name = Products;
			sourceTree = "<group>";
		};
		1A5ED8132BECDCAE0047FF37 /* TattooApp */ = {
			isa = PBXGroup;
			children = (
				1A5ED8142BECDCAE0047FF37 /* TattooAppApp.swift */,
				1A5ED8162BECDCAE0047FF37 /* ContentView.swift */,
				1A5ED8412BECDCFF0047FF37 /* ArtistListView.swift */,
				1A5ED8432BECDD120047FF37 /* FilterSheet.swift */,
				1A5ED8182BECDCAE0047FF37 /* Item.swift */,
				1A5ED8452BECDD220047FF37 /* ArtistDetailsView.swift */,
				1A5ED81A2BECDCB10047FF37 /* Assets.xcassets */,
				1A5ED81C2BECDCB10047FF37 /* TattooApp.entitlements */,
				1A5ED81D2BECDCB10047FF37 /* Preview Content */,
			);
			path = TattooApp;
			sourceTree = "<group>";
		};
		1A5ED81D2BECDCB10047FF37 /* Preview Content */ = {
			isa = PBXGroup;
			children = (
				1A5ED81E2BECDCB10047FF37 /* Preview Assets.xcassets */,
			);
			path = "Preview Content";
			sourceTree = "<group>";
		};
		1A5ED8272BECDCB10047FF37 /* TattooAppTests */ = {
			isa = PBXGroup;
			children = (
				1A5ED8282BECDCB10047FF37 /* TattooAppTests.swift */,
			);
			path = TattooAppTests;
			sourceTree = "<group>";
		};
		1A5ED8312BECDCB10047FF37 /* TattooAppUITests */ = {
			isa = PBXGroup;
			children = (
				1A5ED8322BECDCB10047FF37 /* TattooAppUITests.swift */,
				1A5ED8342BECDCB10047FF37 /* TattooAppUITestsLaunchTests.swift */,
			);
			path = TattooAppUITests;
			sourceTree = "<group>";
		};
/* End PBXGroup section */

/* Begin PBXNativeTarget section */
		1A5ED8102BECDCAE0047FF37 /* TattooApp */ = {
			isa = PBXNativeTarget;
			buildConfigurationList = 1A5ED8382BECDCB10047FF37 /* Build configuration list for PBXNativeTarget "TattooApp" */;
			buildPhases = (
				1A5ED80D2BECDCAE0047FF37 /* Sources */,
				1A5ED80E2BECDCAE0047FF37 /* Frameworks */,
				1A5ED80F2BECDCAE0047FF37 /* Resources */,
			);
			buildRules = (
			);
			dependencies = (
			);
			name = TattooApp;
			productName = TattooApp;
			productReference = 1A5ED8112BECDCAE0047FF37 /* TattooApp.app */;
			productType = "com.apple.product-type.application";
		};
		1A5ED8232BECDCB10047FF37 /* TattooAppTests */ = {
			isa = PBXNativeTarget;
			buildConfigurationList = 1A5ED83B2BECDCB10047FF37 /* Build configuration list for PBXNativeTarget "TattooAppTests" */;
			buildPhases = (
				1A5ED8202BECDCB10047FF37 /* Sources */,
				1A5ED8212BECDCB10047FF37 /* Frameworks */,
				1A5ED8222BECDCB10047FF37 /* Resources */,
			);
			buildRules = (
			);
			dependencies = (
				1A5ED8262BECDCB10047FF37 /* PBXTargetDependency */,
			);
			name = TattooAppTests;
			productName = TattooAppTests;
			productReference = 1A5ED8242BECDCB10047FF37 /* TattooAppTests.xctest */;
			productType = "com.apple.product-type.bundle.unit-test";
		};
		1A5ED82D2BECDCB10047FF37 /* TattooAppUITests */ = {
			isa = PBXNativeTarget;
			buildConfigurationList = 1A5ED83E2BECDCB10047FF37 /* Build configuration list for PBXNativeTarget "TattooAppUITests" */;
			buildPhases = (
				1A5ED82A2BECDCB10047FF37 /* Sources */,
				1A5ED82B2BECDCB10047FF37 /* Frameworks */,
				1A5ED82C2BECDCB10047FF37 /* Resources */,
			);
			buildRules = (
			);
			dependencies = (
				1A5ED8302BECDCB10047FF37 /* PBXTargetDependency */,
			);
			name = TattooAppUITests;
			productName = TattooAppUITests;
			productReference = 1A5ED82E2BECDCB10047FF37 /* TattooAppUITests.xctest */;
			productType = "com.apple.product-type.bundle.ui-testing";
		};
/* End PBXNativeTarget section */

/* Begin PBXProject section */
		1A5ED8092BECDCAE0047FF37 /* Project object */ = {
			isa = PBXProject;
			attributes = {
				BuildIndependentTargetsInParallel = 1;
				LastSwiftUpdateCheck = 1520;
				LastUpgradeCheck = 1520;
				TargetAttributes = {
					1A5ED8102BECDCAE0047FF37 = {
						CreatedOnToolsVersion = 15.2;
					};
					1A5ED8232BECDCB10047FF37 = {
						CreatedOnToolsVersion = 15.2;
						TestTargetID = 1A5ED8102BECDCAE0047FF37;
					};
					1A5ED82D2BECDCB10047FF37 = {
						CreatedOnToolsVersion = 15.2;
						TestTargetID = 1A5ED8102BECDCAE0047FF37;
					};
				};
			};
			buildConfigurationList = 1A5ED80C2BECDCAE0047FF37 /* Build configuration list for PBXProject "TattooApp" */;
			compatibilityVersion = "Xcode 14.0";
			developmentRegion = en;
			hasScannedForEncodings = 0;
			knownRegions = (
				en,
				Base,
			);
			mainGroup = 1A5ED8082BECDCAE0047FF37;
			productRefGroup = 1A5ED8122BECDCAE0047FF37 /* Products */;
			projectDirPath = "";
			projectRoot = "";
			targets = (
				1A5ED8102BECDCAE0047FF37 /* TattooApp */,
				1A5ED8232BECDCB10047FF37 /* TattooAppTests */,
				1A5ED82D2BECDCB10047FF37 /* TattooAppUITests */,
			);
		};
/* End PBXProject section */

/* Begin PBXResourcesBuildPhase section */
		1A5ED80F2BECDCAE0047FF37 /* Resources */ = {
			isa = PBXResourcesBuildPhase;
			buildActionMask = 2147483647;
			files = (
				1A5ED81F2BECDCB10047FF37 /* Preview Assets.xcassets in Resources */,
				1A5ED81B2BECDCB10047FF37 /* Assets.xcassets in Resources */,
			);
			runOnlyForDeploymentPostprocessing = 0;
		};
		1A5ED8222BECDCB10047FF37 /* Resources */ = {
			isa = PBXResourcesBuildPhase;
			buildActionMask = 2147483647;
			files = (
			);
			runOnlyForDeploymentPostprocessing = 0;
		};
		1A5ED82C2BECDCB10047FF37 /* Resources */ = {
			isa = PBXResourcesBuildPhase;
			buildActionMask = 2147483647;
			files = (
			);
			runOnlyForDeploymentPostprocessing = 0;
		};
/* End PBXResourcesBuildPhase section */

/* Begin PBXSourcesBuildPhase section */
		1A5ED80D2BECDCAE0047FF37 /* Sources */ = {
			isa = PBXSourcesBuildPhase;
			buildActionMask = 2147483647;
			files = (
				1A5ED8172BECDCAE0047FF37 /* ContentView.swift in Sources */,
				1A5ED8422BECDCFF0047FF37 /* ArtistListView.swift in Sources */,
				1A5ED8192BECDCAE0047FF37 /* Item.swift in Sources */,
				1A5ED8442BECDD120047FF37 /* FilterSheet.swift in Sources */,
				1A5ED8462BECDD220047FF37 /* ArtistDetailsView.swift in Sources */,
				1A5ED8152BECDCAE0047FF37 /* TattooAppApp.swift in Sources */,
			);
			runOnlyForDeploymentPostprocessing = 0;
		};
		1A5ED8202BECDCB10047FF37 /* Sources */ = {
			isa = PBXSourcesBuildPhase;
			buildActionMask = 2147483647;
			files = (
				1A5ED8292BECDCB10047FF37 /* TattooAppTests.swift in Sources */,
			);
			runOnlyForDeploymentPostprocessing = 0;
		};
		1A5ED82A2BECDCB10047FF37 /* Sources */ = {
			isa = PBXSourcesBuildPhase;
			buildActionMask = 2147483647;
			files = (
				1A5ED8332BECDCB10047FF37 /* TattooAppUITests.swift in Sources */,
				1A5ED8352BECDCB10047FF37 /* TattooAppUITestsLaunchTests.swift in Sources */,
			);
			runOnlyForDeploymentPostprocessing = 0;
		};
/* End PBXSourcesBuildPhase section */

/* Begin PBXTargetDependency section */
		1A5ED8262BECDCB10047FF37 /* PBXTargetDependency */ = {
			isa = PBXTargetDependency;
			target = 1A5ED8102BECDCAE0047FF37 /* TattooApp */;
			targetProxy = 1A5ED8252BECDCB10047FF37 /* PBXContainerItemProxy */;
		};
		1A5ED8302BECDCB10047FF37 /* PBXTargetDependency */ = {
			isa = PBXTargetDependency;
			target = 1A5ED8102BECDCAE0047FF37 /* TattooApp */;
			targetProxy = 1A5ED82F2BECDCB10047FF37 /* PBXContainerItemProxy */;
		};
/* End PBXTargetDependency section */

/* Begin XCBuildConfiguration section */
		1A5ED8362BECDCB10047FF37 /* Debug */ = {
			isa = XCBuildConfiguration;
			buildSettings = {
				ALWAYS_SEARCH_USER_PATHS = NO;
				ASSETCATALOG_COMPILER_GENERATE_SWIFT_ASSET_SYMBOL_EXTENSIONS = YES;
				CLANG_ANALYZER_NONNULL = YES;
				CLANG_ANALYZER_NUMBER_OBJECT_CONVERSION = YES_AGGRESSIVE;
				CLANG_CXX_LANGUAGE_STANDARD = "gnu++20";
				CLANG_ENABLE_MODULES = YES;
				CLANG_ENABLE_OBJC_ARC = YES;
				CLANG_ENABLE_OBJC_WEAK = YES;
				CLANG_WARN_BLOCK_CAPTURE_AUTORELEASING = YES;
				CLANG_WARN_BOOL_CONVERSION = YES;
				CLANG_WARN_COMMA = YES;
				CLANG_WARN_CONSTANT_CONVERSION = YES;
				CLANG_WARN_DEPRECATED_OBJC_IMPLEMENTATIONS = YES;
				CLANG_WARN_DIRECT_OBJC_ISA_USAGE = YES_ERROR;
				CLANG_WARN_DOCUMENTATION_COMMENTS = YES;
				CLANG_WARN_EMPTY_BODY = YES;
				CLANG_WARN_ENUM_CONVERSION = YES;
				CLANG_WARN_INFINITE_RECURSION = YES;
				CLANG_WARN_INT_CONVERSION = YES;
				CLANG_WARN_NON_LITERAL_NULL_CONVERSION = YES;
				CLANG_WARN_OBJC_IMPLICIT_RETAIN_SELF = YES;
				CLANG_WARN_OBJC_LITERAL_CONVERSION = YES;
				CLANG_WARN_OBJC_ROOT_CLASS = YES_ERROR;
				CLANG_WARN_QUOTED_INCLUDE_IN_FRAMEWORK_HEADER = YES;
				CLANG_WARN_RANGE_LOOP_ANALYSIS = YES;
				CLANG_WARN_STRICT_PROTOTYPES = YES;
				CLANG_WARN_SUSPICIOUS_MOVE = YES;
				CLANG_WARN_UNGUARDED_AVAILABILITY = YES_AGGRESSIVE;
				CLANG_WARN_UNREACHABLE_CODE = YES;
				CLANG_WARN__DUPLICATE_METHOD_MATCH = YES;
				COPY_PHASE_STRIP = NO;
				DEBUG_INFORMATION_FORMAT = dwarf;
				ENABLE_STRICT_OBJC_MSGSEND = YES;
				ENABLE_TESTABILITY = YES;
				ENABLE_USER_SCRIPT_SANDBOXING = YES;
				GCC_C_LANGUAGE_STANDARD = gnu17;
				GCC_DYNAMIC_NO_PIC = NO;
				GCC_NO_COMMON_BLOCKS = YES;
				GCC_OPTIMIZATION_LEVEL = 0;
				GCC_PREPROCESSOR_DEFINITIONS = (
					"DEBUG=1",
					"$(inherited)",
				);
				GCC_WARN_64_TO_32_BIT_CONVERSION = YES;
				GCC_WARN_ABOUT_RETURN_TYPE = YES_ERROR;
				GCC_WARN_UNDECLARED_SELECTOR = YES;
				GCC_WARN_UNINITIALIZED_AUTOS = YES_AGGRESSIVE;
				GCC_WARN_UNUSED_FUNCTION = YES;
				GCC_WARN_UNUSED_VARIABLE = YES;
				LOCALIZATION_PREFERS_STRING_CATALOGS = YES;
				MTL_ENABLE_DEBUG_INFO = INCLUDE_SOURCE;
				MTL_FAST_MATH = YES;
				ONLY_ACTIVE_ARCH = YES;
				SWIFT_ACTIVE_COMPILATION_CONDITIONS = "DEBUG $(inherited)";
				SWIFT_OPTIMIZATION_LEVEL = "-Onone";
			};
			name = Debug;
		};
		1A5ED8372BECDCB10047FF37 /* Release */ = {
			isa = XCBuildConfiguration;
			buildSettings = {
				ALWAYS_SEARCH_USER_PATHS = NO;
				ASSETCATALOG_COMPILER_GENERATE_SWIFT_ASSET_SYMBOL_EXTENSIONS = YES;
				CLANG_ANALYZER_NONNULL = YES;
				CLANG_ANALYZER_NUMBER_OBJECT_CONVERSION = YES_AGGRESSIVE;
				CLANG_CXX_LANGUAGE_STANDARD = "gnu++20";
				CLANG_ENABLE_MODULES = YES;
				CLANG_ENABLE_OBJC_ARC = YES;
				CLANG_ENABLE_OBJC_WEAK = YES;
				CLANG_WARN_BLOCK_CAPTURE_AUTORELEASING = YES;
				CLANG_WARN_BOOL_CONVERSION = YES;
				CLANG_WARN_COMMA = YES;
				CLANG_WARN_CONSTANT_CONVERSION = YES;
				CLANG_WARN_DEPRECATED_OBJC_IMPLEMENTATIONS = YES;
				CLANG_WARN_DIRECT_OBJC_ISA_USAGE = YES_ERROR;
				CLANG_WARN_DOCUMENTATION_COMMENTS = YES;
				CLANG_WARN_EMPTY_BODY = YES;
				CLANG_WARN_ENUM_CONVERSION = YES;
				CLANG_WARN_INFINITE_RECURSION = YES;
				CLANG_WARN_INT_CONVERSION = YES;
				CLANG_WARN_NON_LITERAL_NULL_CONVERSION = YES;
				CLANG_WARN_OBJC_IMPLICIT_RETAIN_SELF = YES;
				CLANG_WARN_OBJC_LITERAL_CONVERSION = YES;
				CLANG_WARN_OBJC_ROOT_CLASS = YES_ERROR;
				CLANG_WARN_QUOTED_INCLUDE_IN_FRAMEWORK_HEADER = YES;
				CLANG_WARN_RANGE_LOOP_ANALYSIS = YES;
				CLANG_WARN_STRICT_PROTOTYPES = YES;
				CLANG_WARN_SUSPICIOUS_MOVE = YES;
				CLANG_WARN_UNGUARDED_AVAILABILITY = YES_AGGRESSIVE;
				CLANG_WARN_UNREACHABLE_CODE = YES;
				CLANG_WARN__DUPLICATE_METHOD_MATCH = YES;
				COPY_PHASE_STRIP = NO;
				DEBUG_INFORMATION_FORMAT = "dwarf-with-dsym";
				ENABLE_NS_ASSERTIONS = NO;
				ENABLE_STRICT_OBJC_MSGSEND = YES;
				ENABLE_USER_SCRIPT_SANDBOXING = YES;
				GCC_C_LANGUAGE_STANDARD = gnu17;
				GCC_NO_COMMON_BLOCKS = YES;
				GCC_WARN_64_TO_32_BIT_CONVERSION = YES;
				GCC_WARN_ABOUT_RETURN_TYPE = YES_ERROR;
				GCC_WARN_UNDECLARED_SELECTOR = YES;
				GCC_WARN_UNINITIALIZED_AUTOS = YES_AGGRESSIVE;
				GCC_WARN_UNUSED_FUNCTION = YES;
				GCC_WARN_UNUSED_VARIABLE = YES;
				LOCALIZATION_PREFERS_STRING_CATALOGS = YES;
				MTL_ENABLE_DEBUG_INFO = NO;
				MTL_FAST_MATH = YES;
				SWIFT_COMPILATION_MODE = wholemodule;
			};
			name = Release;
		};
		1A5ED8392BECDCB10047FF37 /* Debug */ = {
			isa = XCBuildConfiguration;
			buildSettings = {
				ASSETCATALOG_COMPILER_APPICON_NAME = AppIcon;
				ASSETCATALOG_COMPILER_GLOBAL_ACCENT_COLOR_NAME = AccentColor;
				CODE_SIGN_ENTITLEMENTS = TattooApp/TattooApp.entitlements;
				CODE_SIGN_STYLE = Automatic;
				CURRENT_PROJECT_VERSION = 1;
				DEVELOPMENT_ASSET_PATHS = "\"TattooApp/Preview Content\"";
				DEVELOPMENT_TEAM = 25KVDF2P58;
				ENABLE_HARDENED_RUNTIME = YES;
				ENABLE_PREVIEWS = YES;
				GENERATE_INFOPLIST_FILE = YES;
				"INFOPLIST_KEY_UIApplicationSceneManifest_Generation[sdk=iphoneos*]" = YES;
				"INFOPLIST_KEY_UIApplicationSceneManifest_Generation[sdk=iphonesimulator*]" = YES;
				"INFOPLIST_KEY_UIApplicationSupportsIndirectInputEvents[sdk=iphoneos*]" = YES;
				"INFOPLIST_KEY_UIApplicationSupportsIndirectInputEvents[sdk=iphonesimulator*]" = YES;
				"INFOPLIST_KEY_UILaunchScreen_Generation[sdk=iphoneos*]" = YES;
				"INFOPLIST_KEY_UILaunchScreen_Generation[sdk=iphonesimulator*]" = YES;
				"INFOPLIST_KEY_UIStatusBarStyle[sdk=iphoneos*]" = UIStatusBarStyleDefault;
				"INFOPLIST_KEY_UIStatusBarStyle[sdk=iphonesimulator*]" = UIStatusBarStyleDefault;
				INFOPLIST_KEY_UISupportedInterfaceOrientations_iPad = "UIInterfaceOrientationPortrait UIInterfaceOrientationPortraitUpsideDown UIInterfaceOrientationLandscapeLeft UIInterfaceOrientationLandscapeRight";
				INFOPLIST_KEY_UISupportedInterfaceOrientations_iPhone = "UIInterfaceOrientationPortrait UIInterfaceOrientationLandscapeLeft UIInterfaceOrientationLandscapeRight";
				IPHONEOS_DEPLOYMENT_TARGET = 17.2;
				LD_RUNPATH_SEARCH_PATHS = "@executable_path/Frameworks";
				"LD_RUNPATH_SEARCH_PATHS[sdk=macosx*]" = "@executable_path/../Frameworks";
				MACOSX_DEPLOYMENT_TARGET = 14.0;
				MARKETING_VERSION = 1.0;
				PRODUCT_BUNDLE_IDENTIFIER = Projects.TattooApp;
				PRODUCT_NAME = "$(TARGET_NAME)";
				SDKROOT = auto;
				SUPPORTED_PLATFORMS = "iphoneos iphonesimulator macosx";
				SWIFT_EMIT_LOC_STRINGS = YES;
				SWIFT_VERSION = 5.0;
				TARGETED_DEVICE_FAMILY = "1,2";
			};
			name = Debug;
		};
		1A5ED83A2BECDCB10047FF37 /* Release */ = {
			isa = XCBuildConfiguration;
			buildSettings = {
				ASSETCATALOG_COMPILER_APPICON_NAME = AppIcon;
				ASSETCATALOG_COMPILER_GLOBAL_ACCENT_COLOR_NAME = AccentColor;
				CODE_SIGN_ENTITLEMENTS = TattooApp/TattooApp.entitlements;
				CODE_SIGN_STYLE = Automatic;
				CURRENT_PROJECT_VERSION = 1;
				DEVELOPMENT_ASSET_PATHS = "\"TattooApp/Preview Content\"";
				DEVELOPMENT_TEAM = 25KVDF2P58;
				ENABLE_HARDENED_RUNTIME = YES;
				ENABLE_PREVIEWS = YES;
				GENERATE_INFOPLIST_FILE = YES;
				"INFOPLIST_KEY_UIApplicationSceneManifest_Generation[sdk=iphoneos*]" = YES;
				"INFOPLIST_KEY_UIApplicationSceneManifest_Generation[sdk=iphonesimulator*]" = YES;
				"INFOPLIST_KEY_UIApplicationSupportsIndirectInputEvents[sdk=iphoneos*]" = YES;
				"INFOPLIST_KEY_UIApplicationSupportsIndirectInputEvents[sdk=iphonesimulator*]" = YES;
				"INFOPLIST_KEY_UILaunchScreen_Generation[sdk=iphoneos*]" = YES;
				"INFOPLIST_KEY_UILaunchScreen_Generation[sdk=iphonesimulator*]" = YES;
				"INFOPLIST_KEY_UIStatusBarStyle[sdk=iphoneos*]" = UIStatusBarStyleDefault;
				"INFOPLIST_KEY_UIStatusBarStyle[sdk=iphonesimulator*]" = UIStatusBarStyleDefault;
				INFOPLIST_KEY_UISupportedInterfaceOrientations_iPad = "UIInterfaceOrientationPortrait UIInterfaceOrientationPortraitUpsideDown UIInterfaceOrientationLandscapeLeft UIInterfaceOrientationLandscapeRight";
				INFOPLIST_KEY_UISupportedInterfaceOrientations_iPhone = "UIInterfaceOrientationPortrait UIInterfaceOrientationLandscapeLeft UIInterfaceOrientationLandscapeRight";
				IPHONEOS_DEPLOYMENT_TARGET = 17.2;
				LD_RUNPATH_SEARCH_PATHS = "@executable_path/Frameworks";
				"LD_RUNPATH_SEARCH_PATHS[sdk=macosx*]" = "@executable_path/../Frameworks";
				MACOSX_DEPLOYMENT_TARGET = 14.0;
				MARKETING_VERSION = 1.0;
				PRODUCT_BUNDLE_IDENTIFIER = Projects.TattooApp;
				PRODUCT_NAME = "$(TARGET_NAME)";
				SDKROOT = auto;
				SUPPORTED_PLATFORMS = "iphoneos iphonesimulator macosx";
				SWIFT_EMIT_LOC_STRINGS = YES;
				SWIFT_VERSION = 5.0;
				TARGETED_DEVICE_FAMILY = "1,2";
			};
			name = Release;
		};
		1A5ED83C2BECDCB10047FF37 /* Debug */ = {
			isa = XCBuildConfiguration;
			buildSettings = {
				ALWAYS_EMBED_SWIFT_STANDARD_LIBRARIES = YES;
				BUNDLE_LOADER = "$(TEST_HOST)";
				CODE_SIGN_STYLE = Automatic;
				CURRENT_PROJECT_VERSION = 1;
				DEVELOPMENT_TEAM = 25KVDF2P58;
				GENERATE_INFOPLIST_FILE = YES;
				IPHONEOS_DEPLOYMENT_TARGET = 17.2;
				MACOSX_DEPLOYMENT_TARGET = 13.5;
				MARKETING_VERSION = 1.0;
				PRODUCT_BUNDLE_IDENTIFIER = Projects.TattooAppTests;
				PRODUCT_NAME = "$(TARGET_NAME)";
				SDKROOT = auto;
				SUPPORTED_PLATFORMS = "iphoneos iphonesimulator macosx";
				SWIFT_EMIT_LOC_STRINGS = NO;
				SWIFT_VERSION = 5.0;
				TARGETED_DEVICE_FAMILY = "1,2";
				TEST_HOST = "$(BUILT_PRODUCTS_DIR)/TattooApp.app/$(BUNDLE_EXECUTABLE_FOLDER_PATH)/TattooApp";
			};
			name = Debug;
		};
		1A5ED83D2BECDCB10047FF37 /* Release */ = {
			isa = XCBuildConfiguration;
			buildSettings = {
				ALWAYS_EMBED_SWIFT_STANDARD_LIBRARIES = YES;
				BUNDLE_LOADER = "$(TEST_HOST)";
				CODE_SIGN_STYLE = Automatic;
				CURRENT_PROJECT_VERSION = 1;
				DEVELOPMENT_TEAM = 25KVDF2P58;
				GENERATE_INFOPLIST_FILE = YES;
				IPHONEOS_DEPLOYMENT_TARGET = 17.2;
				MACOSX_DEPLOYMENT_TARGET = 13.5;
				MARKETING_VERSION = 1.0;
				PRODUCT_BUNDLE_IDENTIFIER = Projects.TattooAppTests;
				PRODUCT_NAME = "$(TARGET_NAME)";
				SDKROOT = auto;
				SUPPORTED_PLATFORMS = "iphoneos iphonesimulator macosx";
				SWIFT_EMIT_LOC_STRINGS = NO;
				SWIFT_VERSION = 5.0;
				TARGETED_DEVICE_FAMILY = "1,2";
				TEST_HOST = "$(BUILT_PRODUCTS_DIR)/TattooApp.app/$(BUNDLE_EXECUTABLE_FOLDER_PATH)/TattooApp";
			};
			name = Release;
		};
		1A5ED83F2BECDCB10047FF37 /* Debug */ = {
			isa = XCBuildConfiguration;
			buildSettings = {
				ALWAYS_EMBED_SWIFT_STANDARD_LIBRARIES = YES;
				CODE_SIGN_STYLE = Automatic;
				CURRENT_PROJECT_VERSION = 1;
				DEVELOPMENT_TEAM = 25KVDF2P58;
				GENERATE_INFOPLIST_FILE = YES;
				IPHONEOS_DEPLOYMENT_TARGET = 17.2;
				MACOSX_DEPLOYMENT_TARGET = 13.5;
				MARKETING_VERSION = 1.0;
				PRODUCT_BUNDLE_IDENTIFIER = Projects.TattooAppUITests;
				PRODUCT_NAME = "$(TARGET_NAME)";
				SDKROOT = auto;
				SUPPORTED_PLATFORMS = "iphoneos iphonesimulator macosx";
				SWIFT_EMIT_LOC_STRINGS = NO;
				SWIFT_VERSION = 5.0;
				TARGETED_DEVICE_FAMILY = "1,2";
				TEST_TARGET_NAME = TattooApp;
			};
			name = Debug;
		};
		1A5ED8402BECDCB10047FF37 /* Release */ = {
			isa = XCBuildConfiguration;
			buildSettings = {
				ALWAYS_EMBED_SWIFT_STANDARD_LIBRARIES = YES;
				CODE_SIGN_STYLE = Automatic;
				CURRENT_PROJECT_VERSION = 1;
				DEVELOPMENT_TEAM = 25KVDF2P58;
				GENERATE_INFOPLIST_FILE = YES;
				IPHONEOS_DEPLOYMENT_TARGET = 17.2;
				MACOSX_DEPLOYMENT_TARGET = 13.5;
				MARKETING_VERSION = 1.0;
				PRODUCT_BUNDLE_IDENTIFIER = Projects.TattooAppUITests;
				PRODUCT_NAME = "$(TARGET_NAME)";
				SDKROOT = auto;
				SUPPORTED_PLATFORMS = "iphoneos iphonesimulator macosx";
				SWIFT_EMIT_LOC_STRINGS = NO;
				SWIFT_VERSION = 5.0;
				TARGETED_DEVICE_FAMILY = "1,2";
				TEST_TARGET_NAME = TattooApp;
			};
			name = Release;
		};
/* End XCBuildConfiguration section */

/* Begin XCConfigurationList section */
		1A5ED80C2BECDCAE0047FF37 /* Build configuration list for PBXProject "TattooApp" */ = {
			isa = XCConfigurationList;
			buildConfigurations = (
				1A5ED8362BECDCB10047FF37 /* Debug */,
				1A5ED8372BECDCB10047FF37 /* Release */,
			);
			defaultConfigurationIsVisible = 0;
			defaultConfigurationName = Release;
		};
		1A5ED8382BECDCB10047FF37 /* Build configuration list for PBXNativeTarget "TattooApp" */ = {
			isa = XCConfigurationList;
			buildConfigurations = (
				1A5ED8392BECDCB10047FF37 /* Debug */,
				1A5ED83A2BECDCB10047FF37 /* Release */,
			);
			defaultConfigurationIsVisible = 0;
			defaultConfigurationName = Release;
		};
		1A5ED83B2BECDCB10047FF37 /* Build configuration list for PBXNativeTarget "TattooAppTests" */ = {
			isa = XCConfigurationList;
			buildConfigurations = (
				1A5ED83C2BECDCB10047FF37 /* Debug */,
				1A5ED83D2BECDCB10047FF37 /* Release */,
			);
			defaultConfigurationIsVisible = 0;
			defaultConfigurationName = Release;
		};
		1A5ED83E2BECDCB10047FF37 /* Build configuration list for PBXNativeTarget "TattooAppUITests" */ = {
			isa = XCConfigurationList;
			buildConfigurations = (
				1A5ED83F2BECDCB10047FF37 /* Debug */,
				1A5ED8402BECDCB10047FF37 /* Release */,
			);
			defaultConfigurationIsVisible = 0;
			defaultConfigurationName = Release;
		};
/* End XCConfigurationList section */
	};
	rootObject = 1A5ED8092BECDCAE0047FF37 /* Project object */;
}
